
Microsoft Visual Studio Solution File, Format Version 12.00
# Visual Studio Version 16
VisualStudioVersion = 16.0.30717.126
MinimumVisualStudioVersion = 10.0.40219.1
Project("{FAE04EC0-301F-11D3-BF4B-00C04F79EFBC}") = "GistAPIConsumptionApp", "GistAPIConsumptionApp\GistAPIConsumptionApp.csproj", "{CAFBF5D6-C541-4234-AB65-45253C0FADBC}"
EndProject
Global
	GlobalSection(SolutionConfigurationPlatforms) = preSolution
		Debug|Any CPU = Debug|Any CPU
		Release|Any CPU = Release|Any CPU
	EndGlobalSection
	GlobalSection(ProjectConfigurationPlatforms) = postSolution
		{CAFBF5D6-C541-4234-AB65-45253C0FADBC}.Debug|Any CPU.ActiveCfg = Debug|Any CPU
		{CAFBF5D6-C541-4234-AB65-45253C0FADBC}.Debug|Any CPU.Build.0 = Debug|Any CPU
		{CAFBF5D6-C541-4234-AB65-45253C0FADBC}.Release|Any CPU.ActiveCfg = Release|Any CPU
		{CAFBF5D6-C541-4234-AB65-45253C0FADBC}.Release|Any CPU.Build.0 = Release|Any CPU
	EndGlobalSection
	GlobalSection(SolutionProperties) = preSolution
		HideSolutionNode = FALSE
	EndGlobalSection
	GlobalSection(ExtensibilityGlobals) = postSolution
		SolutionGuid = {AB505A90-5C0B-458C-B43B-14FBB9DF9CCA}
	EndGlobalSection
EndGlobal
